# This file is automatically @generated by Cargo.
# It is not intended for manual editing.
version = 4

[[package]]
name = "AdventOfCode_2024_Day_04"
version = "0.1.0"
dependencies = [
 "math2d",
]

[[package]]
name = "math2d"
version = "0.1.3"
source = "registry+https://github.com/rust-lang/crates.io-index"
checksum = "be448af2288971ba5feb3493c184e8380a64f3033a08fba3fe4adf217ee1162f"
